{
  "name": "lenz",
  "version": "1.3.0",
  "lockfileVersion": 1,
  "requires": true,
  "dependencies": {
    "@types/color-name": {
      "version": "1.1.1",
      "resolved": "https://registry.npmjs.org/@types/color-name/-/color-name-1.1.1.tgz",
      "integrity": "sha512-rr+OQyAjxze7GgWrSaJwydHStIhHq2lvY3BOC2Mj7KnzI7XK0Uw1TOOdI9lDoajEbSWLiYgoo4f1R51erQfhPQ=="
    },
    "@types/node": {
      "version": "14.10.2",
      "resolved": "https://registry.npmjs.org/@types/node/-/node-14.10.2.tgz",
      "integrity": "sha512-IzMhbDYCpv26pC2wboJ4MMOa9GKtjplXfcAqrMeNJpUUwpM/2ATt2w1JPUXwS6spu856TvKZL2AOmeU2rAxskw=="
    },
    "abbrev": {
      "version": "1.1.1",
      "resolved": "https://registry.npmjs.org/abbrev/-/abbrev-1.1.1.tgz",
      "integrity": "sha512-nne9/IiQ/hzIhY6pdDnbBtz7DjPTKrY00P/zvPSm5pOFkl6xuGrGnXn/VtTNNfNtAfZ9/1RtehkszU9qcTii0Q=="
    },
    "ansi-escapes": {
      "version": "4.3.1",
      "resolved": "https://registry.npmjs.org/ansi-escapes/-/ansi-escapes-4.3.1.tgz",
      "integrity": "sha512-JWF7ocqNrp8u9oqpgV+wH5ftbt+cfvv+PTjOvKLT3AdYly/LmORARfEVT1iyjwN+4MqE5UmVKoAdIBqeoCHgLA==",
      "requires": {
        "type-fest": "^0.11.0"
      }
    },
    "ansi-regex": {
      "version": "2.1.1",
      "resolved": "https://registry.npmjs.org/ansi-regex/-/ansi-regex-2.1.1.tgz",
      "integrity": "sha1-w7M6te42DYbg5ijwRorn7yfWVN8="
    },
    "ansi-styles": {
      "version": "2.2.1",
      "resolved": "https://registry.npmjs.org/ansi-styles/-/ansi-styles-2.2.1.tgz",
      "integrity": "sha1-tDLdM1i2NM914eRmQ2gkBTPB3b4="
    },
    "ansi-term": {
      "version": "0.0.2",
      "resolved": "https://registry.npmjs.org/ansi-term/-/ansi-term-0.0.2.tgz",
      "integrity": "sha1-/XU++kvq2g6smZgbxSo/b/AZ3rc=",
      "requires": {
        "x256": ">=0.0.1"
      }
    },
    "ansicolors": {
      "version": "0.3.2",
      "resolved": "https://registry.npmjs.org/ansicolors/-/ansicolors-0.3.2.tgz",
      "integrity": "sha1-ZlWX3oap/+Oqm/vmyuXG6kJrSXk="
    },
    "axios": {
      "version": "0.20.0",
      "resolved": "https://registry.npmjs.org/axios/-/axios-0.20.0.tgz",
      "integrity": "sha512-ANA4rr2BDcmmAQLOKft2fufrtuvlqR+cXNNinUmvfeSNCOF98PZL+7M/v1zIdGo7OLjEA9J2gXJL+j4zGsl0bA==",
      "requires": {
        "follow-redirects": "^1.10.0"
      }
    },
    "bencode": {
      "version": "2.0.1",
      "resolved": "https://registry.npmjs.org/bencode/-/bencode-2.0.1.tgz",
      "integrity": "sha512-2uhEl8FdjSBUyb69qDTgOEeeqDTa+n3yMQzLW0cOzNf1Ow5bwcg3idf+qsWisIKRH8Bk8oC7UXL8irRcPA8ZEQ==",
      "requires": {
        "safe-buffer": "^5.1.1"
      }
    },
    "big-integer": {
      "version": "1.6.48",
      "resolved": "https://registry.npmjs.org/big-integer/-/big-integer-1.6.48.tgz",
      "integrity": "sha512-j51egjPa7/i+RdiRuJbPdJ2FIUYYPhvYLjzoYbcMMm62ooO6F94fETG4MTs46zPAF9Brs04OajboA/qTGuz78w=="
    },
    "bittorrent-dht": {
      "version": "10.0.0",
      "resolved": "https://registry.npmjs.org/bittorrent-dht/-/bittorrent-dht-10.0.0.tgz",
      "integrity": "sha512-mrM18HMabvd3n/hQa4PYe942nWvBsJCBQb5PfT9kUJLlspNPGiulZYSCgWs7+XarS7nufYrGEp07f9eKTKIrgw==",
      "requires": {
        "bencode": "^2.0.0",
        "debug": "^4.1.1",
        "k-bucket": "^5.0.0",
        "k-rpc": "^5.0.0",
        "last-one-wins": "^1.0.4",
        "lru": "^3.1.0",
        "randombytes": "^2.0.5",
        "record-cache": "^1.0.2",
        "simple-sha1": "^3.0.0"
      }
    },
    "blessed": {
      "version": "0.1.81",
      "resolved": "https://registry.npmjs.org/blessed/-/blessed-0.1.81.tgz",
      "integrity": "sha1-+WLWh+wsNpVwrnGvhDJW5tDKESk="
    },
    "blessed-contrib": {
      "version": "4.8.20",
      "resolved": "https://registry.npmjs.org/blessed-contrib/-/blessed-contrib-4.8.20.tgz",
      "integrity": "sha512-jLLXR9pjjm/T2jY0Q8OCCpuDquWiMULkPyT8YNaiLUR0j1MchTQK/Q7SiuD63jn9ekn9BrohwP1Kom/FylmeHQ==",
      "requires": {
        "ansi-term": ">=0.0.2",
        "chalk": "^1.1.0",
        "drawille-canvas-blessed-contrib": ">=0.1.3",
        "lodash": "~>=4.17.11",
        "map-canvas": ">=0.1.5",
        "marked": "^0.7.0",
        "marked-terminal": "^4.0.0",
        "memory-streams": "^0.1.0",
        "memorystream": "^0.3.1",
        "picture-tuber": "^1.0.1",
        "sparkline": "^0.1.1",
        "strip-ansi": "^3.0.0",
        "term-canvas": "0.0.5",
        "x256": ">=0.0.1"
      }
    },
    "boolbase": {
      "version": "1.0.0",
      "resolved": "https://registry.npmjs.org/boolbase/-/boolbase-1.0.0.tgz",
      "integrity": "sha1-aN/1++YMUes3cl6p4+0xDcwed24="
    },
    "bresenham": {
      "version": "0.0.3",
      "resolved": "https://registry.npmjs.org/bresenham/-/bresenham-0.0.3.tgz",
      "integrity": "sha1-q9q55bGU4nx1fNMU2ERDFPKZh3o="
    },
    "buffers": {
      "version": "0.1.1",
      "resolved": "https://registry.npmjs.org/buffers/-/buffers-0.1.1.tgz",
      "integrity": "sha1-skV5w77U1tOWru5tmorn9Ugqt7s="
    },
    "cardinal": {
      "version": "2.1.1",
      "resolved": "https://registry.npmjs.org/cardinal/-/cardinal-2.1.1.tgz",
      "integrity": "sha1-fMEFXYItISlU0HsIXeolHMe8VQU=",
      "requires": {
        "ansicolors": "~0.3.2",
        "redeyed": "~2.1.0"
      }
    },
    "chalk": {
      "version": "1.1.3",
      "resolved": "https://registry.npmjs.org/chalk/-/chalk-1.1.3.tgz",
      "integrity": "sha1-qBFcVeSnAv5NFQq9OHKCKn4J/Jg=",
      "requires": {
        "ansi-styles": "^2.2.1",
        "escape-string-regexp": "^1.0.2",
        "has-ansi": "^2.0.0",
        "strip-ansi": "^3.0.0",
        "supports-color": "^2.0.0"
      }
    },
    "charm": {
      "version": "0.1.2",
      "resolved": "https://registry.npmjs.org/charm/-/charm-0.1.2.tgz",
      "integrity": "sha1-BsIe7RobBq62dVPNxT4jJ0usIpY="
    },
    "cheerio": {
      "version": "1.0.0-rc.3",
      "resolved": "https://registry.npmjs.org/cheerio/-/cheerio-1.0.0-rc.3.tgz",
      "integrity": "sha512-0td5ijfUPuubwLUu0OBoe98gZj8C/AA+RW3v67GPlGOrvxWjZmBXiBCRU+I8VEiNyJzjth40POfHiz2RB3gImA==",
      "requires": {
        "css-select": "~1.2.0",
        "dom-serializer": "~0.1.1",
        "entities": "~1.1.1",
        "htmlparser2": "^3.9.1",
        "lodash": "^4.15.0",
        "parse5": "^3.0.1"
      }
    },
    "chrome-dgram": {
      "version": "3.0.5",
      "resolved": "https://registry.npmjs.org/chrome-dgram/-/chrome-dgram-3.0.5.tgz",
      "integrity": "sha512-RcCR5Kpn+F7VGmtL3ex78ltB+cuuSTZdGBa4j3fQwUqz/90uOKd5t+WmnJp+QNv017oaHzn5GoMv1mCoRTmehQ==",
      "requires": {
        "inherits": "^2.0.1",
        "run-series": "^1.1.2"
      }
    },
    "chrome-dns": {
      "version": "1.0.1",
      "resolved": "https://registry.npmjs.org/chrome-dns/-/chrome-dns-1.0.1.tgz",
      "integrity": "sha512-HqsYJgIc8ljJJOqOzLphjAs79EUuWSX3nzZi2LNkzlw3GIzAeZbaSektC8iT/tKvLqZq8yl1GJu5o6doA4TRbg==",
      "requires": {
        "chrome-net": "^3.3.2"
      }
    },
    "chrome-net": {
      "version": "3.3.4",
      "resolved": "https://registry.npmjs.org/chrome-net/-/chrome-net-3.3.4.tgz",
      "integrity": "sha512-Jzy2EnzmE+ligqIZUsmWnck9RBXLuUy6CaKyuNMtowFG3ZvLt8d+WBJCTPEludV0DHpIKjAOlwjFmTaEdfdWCw==",
      "requires": {
        "inherits": "^2.0.1"
      }
    },
    "cli-table": {
      "version": "0.3.1",
      "resolved": "https://registry.npmjs.org/cli-table/-/cli-table-0.3.1.tgz",
      "integrity": "sha1-9TsFJmqLGguTSz0IIebi3FkUriM=",
      "requires": {
        "colors": "1.0.3"
      },
      "dependencies": {
        "colors": {
          "version": "1.0.3",
          "resolved": "https://registry.npmjs.org/colors/-/colors-1.0.3.tgz",
          "integrity": "sha1-BDP0TYCWgP3rYO0mDxsMJi6CpAs="
        }
      }
    },
    "cliui": {
      "version": "7.0.1",
      "resolved": "https://registry.npmjs.org/cliui/-/cliui-7.0.1.tgz",
      "integrity": "sha512-rcvHOWyGyid6I1WjT/3NatKj2kDt9OdSHSXpyLXaMWFbKpGACNW8pRhhdPUq9MWUOdwn8Rz9AVETjF4105rZZQ==",
      "requires": {
        "string-width": "^4.2.0",
        "strip-ansi": "^6.0.0",
        "wrap-ansi": "^7.0.0"
      },
      "dependencies": {
        "ansi-regex": {
          "version": "5.0.0",
          "resolved": "https://registry.npmjs.org/ansi-regex/-/ansi-regex-5.0.0.tgz",
          "integrity": "sha512-bY6fj56OUQ0hU1KjFNDQuJFezqKdrAyFdIevADiqrWHwSlbmBNMHp5ak2f40Pm8JTFyM2mqxkG6ngkHO11f/lg=="
        },
        "strip-ansi": {
          "version": "6.0.0",
          "resolved": "https://registry.npmjs.org/strip-ansi/-/strip-ansi-6.0.0.tgz",
          "integrity": "sha512-AuvKTrTfQNYNIctbR1K/YGTR1756GycPsg7b9bdV9Duqur4gv6aKqHXah67Z8ImS7WEz5QVcOtlfW2rZEugt6w==",
          "requires": {
            "ansi-regex": "^5.0.0"
          }
        }
      }
    },
    "color-convert": {
      "version": "2.0.1",
      "resolved": "https://registry.npmjs.org/color-convert/-/color-convert-2.0.1.tgz",
      "integrity": "sha512-RRECPsj7iu/xb5oKYcsFHSppFNnsj/52OVTRKb4zP5onXwVF3zVmmToNcOfGC+CRDpfK/U584fMg38ZHCaElKQ==",
      "requires": {
        "color-name": "~1.1.4"
      }
    },
    "color-name": {
      "version": "1.1.4",
      "resolved": "https://registry.npmjs.org/color-name/-/color-name-1.1.4.tgz",
      "integrity": "sha512-dOy+3AuW3a2wNbZHIuMZpTcgjGuLU/uBL/ubcZF9OXbDo8ff4O8yVp5Bf0efS8uEoYo5q4Fx7dY9OgQGXgAsQA=="
    },
    "colors": {
      "version": "1.4.0",
      "resolved": "https://registry.npmjs.org/colors/-/colors-1.4.0.tgz",
      "integrity": "sha512-a+UqTh4kgZg/SlGvfbzDHpgRu7AAQOmmqRHJnxhRZICKFUT91brVhNNt58CMWU9PsBbv3PDCZUHbVxuDiH2mtA=="
    },
    "core-util-is": {
      "version": "1.0.2",
      "resolved": "https://registry.npmjs.org/core-util-is/-/core-util-is-1.0.2.tgz",
      "integrity": "sha1-tf1UIgqivFq1eqtxQMlAdUUDwac="
    },
    "css-select": {
      "version": "1.2.0",
      "resolved": "https://registry.npmjs.org/css-select/-/css-select-1.2.0.tgz",
      "integrity": "sha1-KzoRBTnFNV8c2NMUYj6HCxIeyFg=",
      "requires": {
        "boolbase": "~1.0.0",
        "css-what": "2.1",
        "domutils": "1.5.1",
        "nth-check": "~1.0.1"
      }
    },
    "css-what": {
      "version": "2.1.3",
      "resolved": "https://registry.npmjs.org/css-what/-/css-what-2.1.3.tgz",
      "integrity": "sha512-a+EPoD+uZiNfh+5fxw2nO9QwFa6nJe2Or35fGY6Ipw1R3R4AGz1d1TEZrCegvw2YTmZ0jXirGYlzxxpYSHwpEg=="
    },
    "debug": {
      "version": "4.1.1",
      "resolved": "https://registry.npmjs.org/debug/-/debug-4.1.1.tgz",
      "integrity": "sha512-pYAIzeRo8J6KPEaJ0VWOh5Pzkbw/RetuzehGM7QRRX5he4fPHx2rdKMB256ehJCkX+XRQm16eZLqLNS8RSZXZw==",
      "requires": {
        "ms": "^2.1.1"
      }
    },
    "dom-serializer": {
      "version": "0.1.1",
      "resolved": "https://registry.npmjs.org/dom-serializer/-/dom-serializer-0.1.1.tgz",
      "integrity": "sha512-l0IU0pPzLWSHBcieZbpOKgkIn3ts3vAh7ZuFyXNwJxJXk/c4Gwj9xaTJwIDVQCXawWD0qb3IzMGH5rglQaO0XA==",
      "requires": {
        "domelementtype": "^1.3.0",
        "entities": "^1.1.1"
      }
    },
    "domelementtype": {
      "version": "1.3.1",
      "resolved": "https://registry.npmjs.org/domelementtype/-/domelementtype-1.3.1.tgz",
      "integrity": "sha512-BSKB+TSpMpFI/HOxCNr1O8aMOTZ8hT3pM3GQ0w/mWRmkhEDSFJkkyzz4XQsBV44BChwGkrDfMyjVD0eA2aFV3w=="
    },
    "domhandler": {
      "version": "2.4.2",
      "resolved": "https://registry.npmjs.org/domhandler/-/domhandler-2.4.2.tgz",
      "integrity": "sha512-JiK04h0Ht5u/80fdLMCEmV4zkNh2BcoMFBmZ/91WtYZ8qVXSKjiw7fXMgFPnHcSZgOo3XdinHvmnDUeMf5R4wA==",
      "requires": {
        "domelementtype": "1"
      }
    },
    "domutils": {
      "version": "1.5.1",
      "resolved": "https://registry.npmjs.org/domutils/-/domutils-1.5.1.tgz",
      "integrity": "sha1-3NhIiib1Y9YQeeSMn3t+Mjc2gs8=",
      "requires": {
        "dom-serializer": "0",
        "domelementtype": "1"
      }
    },
    "drawille-blessed-contrib": {
      "version": "1.0.0",
      "resolved": "https://registry.npmjs.org/drawille-blessed-contrib/-/drawille-blessed-contrib-1.0.0.tgz",
      "integrity": "sha1-FcJ5NPV6AFatE1luFWFje8lB8Lc="
    },
    "drawille-canvas-blessed-contrib": {
      "version": "0.1.3",
      "resolved": "https://registry.npmjs.org/drawille-canvas-blessed-contrib/-/drawille-canvas-blessed-contrib-0.1.3.tgz",
      "integrity": "sha1-IS8HinIr/S7MJn6oarbd3BCB/Ug=",
      "requires": {
        "ansi-term": ">=0.0.2",
        "bresenham": "0.0.3",
        "drawille-blessed-contrib": ">=0.0.1",
        "gl-matrix": "^2.1.0",
        "x256": ">=0.0.1"
      }
    },
    "emoji-regex": {
      "version": "8.0.0",
      "resolved": "https://registry.npmjs.org/emoji-regex/-/emoji-regex-8.0.0.tgz",
      "integrity": "sha512-MSjYzcWNOA0ewAHpz0MxpYFvwg6yjy1NG3xteoqz644VCo/RPgnr1/GGt+ic3iJTzQ8Eu3TdM14SawnVUmGE6A=="
    },
    "entities": {
      "version": "1.1.2",
      "resolved": "https://registry.npmjs.org/entities/-/entities-1.1.2.tgz",
      "integrity": "sha512-f2LZMYl1Fzu7YSBKg+RoROelpOaNrcGmE9AZubeDfrCEia483oW4MI4VyFd5VNHIgQ/7qm1I0wUHK1eJnn2y2w=="
    },
    "escalade": {
      "version": "3.0.2",
      "resolved": "https://registry.npmjs.org/escalade/-/escalade-3.0.2.tgz",
      "integrity": "sha512-gPYAU37hYCUhW5euPeR+Y74F7BL+IBsV93j5cvGriSaD1aG6MGsqsV1yamRdrWrb2j3aiZvb0X+UBOWpx3JWtQ=="
    },
    "escape-string-regexp": {
      "version": "1.0.5",
      "resolved": "https://registry.npmjs.org/escape-string-regexp/-/escape-string-regexp-1.0.5.tgz",
      "integrity": "sha1-G2HAViGQqN/2rjuyzwIAyhMLhtQ="
    },
    "esprima": {
      "version": "4.0.1",
      "resolved": "https://registry.npmjs.org/esprima/-/esprima-4.0.1.tgz",
      "integrity": "sha512-eGuFFw7Upda+g4p+QHvnW0RyTX/SVeJBDM/gCtMARO0cLuT2HcEKnTPvhjV6aGeqrCB/sbNop0Kszm0jsaWU4A=="
    },
    "event-stream": {
      "version": "0.9.8",
      "resolved": "https://registry.npmjs.org/event-stream/-/event-stream-0.9.8.tgz",
      "integrity": "sha1-XanPPHkAl1mJ21powo5bPJjr4Do=",
      "requires": {
        "optimist": "0.2"
      },
      "dependencies": {
        "optimist": {
          "version": "0.2.8",
          "resolved": "https://registry.npmjs.org/optimist/-/optimist-0.2.8.tgz",
          "integrity": "sha1-6YGrfiaLRXlIWTtVZ0wJmoFcrDE=",
          "requires": {
            "wordwrap": ">=0.0.1 <0.1.0"
          }
        }
      }
    },
    "follow-redirects": {
      "version": "1.13.0",
      "resolved": "https://registry.npmjs.org/follow-redirects/-/follow-redirects-1.13.0.tgz",
      "integrity": "sha512-aq6gF1BEKje4a9i9+5jimNFIpq4Q1WiwBToeRK5NvZBd/TRsmW8BsJfOEGkr76TbOyPVD3OVDN910EcUNtRYEA=="
    },
    "get-caller-file": {
      "version": "2.0.5",
      "resolved": "https://registry.npmjs.org/get-caller-file/-/get-caller-file-2.0.5.tgz",
      "integrity": "sha512-DyFP3BM/3YHTQOCUL/w0OZHR0lpKeGrxotcHWcqNEdnltqFwXVfhEBQ94eIo34AfQpo0rGki4cyIiftY06h2Fg=="
    },
    "gl-matrix": {
      "version": "2.8.1",
      "resolved": "https://registry.npmjs.org/gl-matrix/-/gl-matrix-2.8.1.tgz",
      "integrity": "sha512-0YCjVpE3pS5XWlN3J4X7AiAx65+nqAI54LndtVFnQZB6G/FVLkZH8y8V6R3cIoOQR4pUdfwQGd1iwyoXHJ4Qfw=="
    },
    "has-ansi": {
      "version": "2.0.0",
      "resolved": "https://registry.npmjs.org/has-ansi/-/has-ansi-2.0.0.tgz",
      "integrity": "sha1-NPUEnOHs3ysGSa8+8k5F7TVBbZE=",
      "requires": {
        "ansi-regex": "^2.0.0"
      }
    },
    "has-flag": {
      "version": "4.0.0",
      "resolved": "https://registry.npmjs.org/has-flag/-/has-flag-4.0.0.tgz",
      "integrity": "sha512-EykJT/Q1KjTWctppgIAgfSO0tKVuZUjhgMr17kqTumMl6Afv3EISleU7qZUzoXDFTAHTDC4NOoG/ZxU3EvlMPQ=="
    },
    "here": {
      "version": "0.0.2",
      "resolved": "https://registry.npmjs.org/here/-/here-0.0.2.tgz",
      "integrity": "sha1-acGvPwISHz2HiOAuhNyLOQXXEZU="
    },
    "htmlparser2": {
      "version": "3.10.1",
      "resolved": "https://registry.npmjs.org/htmlparser2/-/htmlparser2-3.10.1.tgz",
      "integrity": "sha512-IgieNijUMbkDovyoKObU1DUhm1iwNYE/fuifEoEHfd1oZKZDaONBSkal7Y01shxsM49R4XaMdGez3WnF9UfiCQ==",
      "requires": {
        "domelementtype": "^1.3.1",
        "domhandler": "^2.3.0",
        "domutils": "^1.5.1",
        "entities": "^1.1.1",
        "inherits": "^2.0.1",
        "readable-stream": "^3.1.1"
      },
      "dependencies": {
        "readable-stream": {
          "version": "3.6.0",
          "resolved": "https://registry.npmjs.org/readable-stream/-/readable-stream-3.6.0.tgz",
          "integrity": "sha512-BViHy7LKeTz4oNnkcLJ+lVSL6vpiFeX6/d3oSH8zCW7UxP2onchk+vTGB143xuFjHS3deTgkKoXXymXqymiIdA==",
          "requires": {
            "inherits": "^2.0.3",
            "string_decoder": "^1.1.1",
            "util-deprecate": "^1.0.1"
          }
        },
        "string_decoder": {
          "version": "1.3.0",
          "resolved": "https://registry.npmjs.org/string_decoder/-/string_decoder-1.3.0.tgz",
          "integrity": "sha512-hkRX8U1WjJFd8LsDJ2yQ/wWWxaopEsABU1XfkM8A+j0+85JAGppt16cr1Whg6KIbb4okU6Mql6BOj+uup/wKeA==",
          "requires": {
            "safe-buffer": "~5.2.0"
          }
        }
      }
    },
    "inherits": {
      "version": "2.0.4",
      "resolved": "https://registry.npmjs.org/inherits/-/inherits-2.0.4.tgz",
      "integrity": "sha512-k/vGaX4/Yla3WzyMCvTQOXYeIHvqOKtnqBduzTHpzpQZzAskKMhZ2K+EnBiSM9zGSoIFeMpXKxa4dYeZIQqewQ=="
    },
    "ip-address": {
      "version": "6.4.0",
      "resolved": "https://registry.npmjs.org/ip-address/-/ip-address-6.4.0.tgz",
      "integrity": "sha512-c5uxc2WUTuRBVHT/6r4m7HIr/DfV0bF6DvLH3iZGSK8wp8iMwwZSgIq2do0asFf8q9ECug0SE+6+1ACMe4sorA==",
      "requires": {
        "jsbn": "1.1.0",
        "lodash.find": "4.6.0",
        "lodash.max": "4.0.1",
        "lodash.merge": "4.6.2",
        "lodash.padstart": "4.6.1",
        "lodash.repeat": "4.1.0",
        "sprintf-js": "1.1.2"
      }
    },
    "ip2location-nodejs": {
      "version": "8.3.0",
      "resolved": "https://registry.npmjs.org/ip2location-nodejs/-/ip2location-nodejs-8.3.0.tgz",
      "integrity": "sha512-ez97YBvX+G5Vqm2IN9X+1Pt1CakUR0LT2ynt6/BRRH8Tvtil/IaPXmibDRW9aj2qvT/rDrdyvbwq1OzRDSu5yg==",
      "requires": {
        "big-integer": "^1.6.44"
      }
    },
    "is-fullwidth-code-point": {
      "version": "3.0.0",
      "resolved": "https://registry.npmjs.org/is-fullwidth-code-point/-/is-fullwidth-code-point-3.0.0.tgz",
      "integrity": "sha512-zymm5+u+sCsSWyD9qNaejV3DFvhCKclKdizYaJUuHA83RLjb7nSuGnddCHGv0hk+KY7BMAlsWeK4Ueg6EV6XQg=="
    },
    "is-valid-domain": {
      "version": "0.0.15",
      "resolved": "https://registry.npmjs.org/is-valid-domain/-/is-valid-domain-0.0.15.tgz",
      "integrity": "sha512-Mcq4a6oLR+ugNyUlZ8WbuJBCm6hB50B6bgZcr0z7qm4mjbmw+WuqLAxR0eV+jnmtRcSSd++21wD4aQJZb7YZZg=="
    },
    "isarray": {
      "version": "0.0.1",
      "resolved": "https://registry.npmjs.org/isarray/-/isarray-0.0.1.tgz",
      "integrity": "sha1-ihis/Kmo9Bd+Cav8YDiTmwXR7t8="
    },
    "jsbn": {
      "version": "1.1.0",
      "resolved": "https://registry.npmjs.org/jsbn/-/jsbn-1.1.0.tgz",
      "integrity": "sha1-sBMHyym2GKHtJux56RH4A8TaAEA="
    },
    "k-bucket": {
      "version": "5.0.0",
      "resolved": "https://registry.npmjs.org/k-bucket/-/k-bucket-5.0.0.tgz",
      "integrity": "sha512-r/q+wV/Kde62/tk+rqyttEJn6h0jR7x+incdMVSYTqK73zVxVrzJa70kJL49cIKen8XjIgUZKSvk8ktnrQbK4w==",
      "requires": {
        "randombytes": "^2.0.3"
      }
    },
    "k-rpc": {
      "version": "5.1.0",
      "resolved": "https://registry.npmjs.org/k-rpc/-/k-rpc-5.1.0.tgz",
      "integrity": "sha512-FGc+n70Hcjoa/X2JTwP+jMIOpBz+pkRffHnSl9yrYiwUxg3FIgD50+u1ePfJUOnRCnx6pbjmVk5aAeB1wIijuQ==",
      "requires": {
        "k-bucket": "^5.0.0",
        "k-rpc-socket": "^1.7.2",
        "randombytes": "^2.0.5"
      }
    },
    "k-rpc-socket": {
      "version": "1.11.1",
      "resolved": "https://registry.npmjs.org/k-rpc-socket/-/k-rpc-socket-1.11.1.tgz",
      "integrity": "sha512-8xtA8oqbZ6v1Niryp2/g4GxW16EQh5MvrUylQoOG+zcrDff5CKttON2XUXvMwlIHq4/2zfPVFiinAccJ+WhxoA==",
      "requires": {
        "bencode": "^2.0.0",
        "chrome-dgram": "^3.0.2",
        "chrome-dns": "^1.0.0",
        "chrome-net": "^3.3.2"
      }
    },
    "last-one-wins": {
      "version": "1.0.4",
      "resolved": "https://registry.npmjs.org/last-one-wins/-/last-one-wins-1.0.4.tgz",
      "integrity": "sha1-wb/Qy8tGeQ7JFWuNGu6Py4bNoio="
    },
    "lodash": {
      "version": "4.17.20",
      "resolved": "https://registry.npmjs.org/lodash/-/lodash-4.17.20.tgz",
      "integrity": "sha512-PlhdFcillOINfeV7Ni6oF1TAEayyZBoZ8bcshTHqOYJYlrqzRK5hagpagky5o4HfCzzd1TRkXPMFq6cKk9rGmA=="
    },
    "lodash.find": {
      "version": "4.6.0",
      "resolved": "https://registry.npmjs.org/lodash.find/-/lodash.find-4.6.0.tgz",
      "integrity": "sha1-ywcE1Hq3F4n/oN6Ll92Sb7iLE7E="
    },
    "lodash.max": {
      "version": "4.0.1",
      "resolved": "https://registry.npmjs.org/lodash.max/-/lodash.max-4.0.1.tgz",
      "integrity": "sha1-hzVWbGGLNan3YFILSHrnllivE2o="
    },
    "lodash.merge": {
      "version": "4.6.2",
      "resolved": "https://registry.npmjs.org/lodash.merge/-/lodash.merge-4.6.2.tgz",
      "integrity": "sha512-0KpjqXRVvrYyCsX1swR/XTK0va6VQkQM6MNo7PqW77ByjAhoARA8EfrP1N4+KlKj8YS0ZUCtRT/YUuhyYDujIQ=="
    },
    "lodash.padstart": {
      "version": "4.6.1",
      "resolved": "https://registry.npmjs.org/lodash.padstart/-/lodash.padstart-4.6.1.tgz",
      "integrity": "sha1-0uPuv/DZ05rVD1y9G1KnvOa7YRs="
    },
    "lodash.repeat": {
      "version": "4.1.0",
      "resolved": "https://registry.npmjs.org/lodash.repeat/-/lodash.repeat-4.1.0.tgz",
      "integrity": "sha1-/H3oEx2MisB+S0n3T/6CnR8r7EQ="
    },
    "lodash.toarray": {
      "version": "4.4.0",
      "resolved": "https://registry.npmjs.org/lodash.toarray/-/lodash.toarray-4.4.0.tgz",
      "integrity": "sha1-JMS/zWsvuji/0FlNsRedjptlZWE="
    },
    "lru": {
      "version": "3.1.0",
      "resolved": "https://registry.npmjs.org/lru/-/lru-3.1.0.tgz",
      "integrity": "sha1-6n+4VG2DczOWoTCR12z+tMBoN9U=",
      "requires": {
        "inherits": "^2.0.1"
      }
    },
    "magnet-uri": {
      "version": "5.3.0",
      "resolved": "https://registry.npmjs.org/magnet-uri/-/magnet-uri-5.3.0.tgz",
      "integrity": "sha512-8GuTc9mXYfaKrXz687kzx2YTEhMR/X1Qgt6tkTNwPlb2fUy3QfU+O9zuoB5DKAa/IyVdLGxe9xSFUtaA+ZG5tQ==",
      "requires": {
        "thirty-two": "^1.0.2"
      }
    },
    "map-canvas": {
      "version": "0.1.5",
      "resolved": "https://registry.npmjs.org/map-canvas/-/map-canvas-0.1.5.tgz",
      "integrity": "sha1-i+a63gvz6fmotW6INqHR0TPKsYY=",
      "requires": {
        "drawille-canvas-blessed-contrib": ">=0.0.1",
        "xml2js": "^0.4.5"
      }
    },
    "marked": {
      "version": "0.7.0",
      "resolved": "https://registry.npmjs.org/marked/-/marked-0.7.0.tgz",
      "integrity": "sha512-c+yYdCZJQrsRjTPhUx7VKkApw9bwDkNbHUKo1ovgcfDjb2kc8rLuRbIFyXL5WOEUwzSSKo3IXpph2K6DqB/KZg=="
    },
    "marked-terminal": {
      "version": "4.1.0",
      "resolved": "https://registry.npmjs.org/marked-terminal/-/marked-terminal-4.1.0.tgz",
      "integrity": "sha512-5KllfAOW02WS6hLRQ7cNvGOxvKW1BKuXELH4EtbWfyWgxQhROoMxEvuQ/3fTgkNjledR0J48F4HbapvYp1zWkQ==",
      "requires": {
        "ansi-escapes": "^4.3.1",
        "cardinal": "^2.1.1",
        "chalk": "^4.0.0",
        "cli-table": "^0.3.1",
        "node-emoji": "^1.10.0",
        "supports-hyperlinks": "^2.1.0"
      },
      "dependencies": {
        "ansi-styles": {
          "version": "4.2.1",
          "resolved": "https://registry.npmjs.org/ansi-styles/-/ansi-styles-4.2.1.tgz",
          "integrity": "sha512-9VGjrMsG1vePxcSweQsN20KY/c4zN0h9fLjqAbwbPfahM3t+NL+M9HC8xeXG2I8pX5NoamTGNuomEUFI7fcUjA==",
          "requires": {
            "@types/color-name": "^1.1.1",
            "color-convert": "^2.0.1"
          }
        },
        "chalk": {
          "version": "4.1.0",
          "resolved": "https://registry.npmjs.org/chalk/-/chalk-4.1.0.tgz",
          "integrity": "sha512-qwx12AxXe2Q5xQ43Ac//I6v5aXTipYrSESdOgzrN+9XjgEpyjpKuvSGaN4qE93f7TQTlerQQ8S+EQ0EyDoVL1A==",
          "requires": {
            "ansi-styles": "^4.1.0",
            "supports-color": "^7.1.0"
          }
        },
        "supports-color": {
          "version": "7.2.0",
          "resolved": "https://registry.npmjs.org/supports-color/-/supports-color-7.2.0.tgz",
          "integrity": "sha512-qpCAvRl9stuOHveKsn7HncJRvv501qIacKzQlO/+Lwxc9+0q2wLyv4Dfvt80/DPn2pqOBsJdDiogXGR9+OvwRw==",
          "requires": {
            "has-flag": "^4.0.0"
          }
        }
      }
    },
    "memory-streams": {
      "version": "0.1.3",
      "resolved": "https://registry.npmjs.org/memory-streams/-/memory-streams-0.1.3.tgz",
      "integrity": "sha512-qVQ/CjkMyMInPaaRMrwWNDvf6boRZXaT/DbQeMYcCWuXPEBf1v8qChOc9OlEVQp2uOvRXa1Qu30fLmKhY6NipA==",
      "requires": {
        "readable-stream": "~1.0.2"
      }
    },
    "memorystream": {
      "version": "0.3.1",
      "resolved": "https://registry.npmjs.org/memorystream/-/memorystream-0.3.1.tgz",
      "integrity": "sha1-htcJCzDORV1j+64S3aUaR93K+bI="
    },
    "ms": {
      "version": "2.1.2",
      "resolved": "https://registry.npmjs.org/ms/-/ms-2.1.2.tgz",
      "integrity": "sha512-sGkPx+VjMtmA6MX27oA4FBFELFCZZ4S4XqeGOXCv68tT+jb3vk/RyaKWP0PTKyWtmLSM0b+adUTEvbs1PEaH2w=="
    },
    "node-emoji": {
      "version": "1.10.0",
      "resolved": "https://registry.npmjs.org/node-emoji/-/node-emoji-1.10.0.tgz",
      "integrity": "sha512-Yt3384If5H6BYGVHiHwTL+99OzJKHhgp82S8/dktEK73T26BazdgZ4JZh92xSVtGNJvz9UbXdNAc5hcrXV42vw==",
      "requires": {
        "lodash.toarray": "^4.4.0"
      }
    },
    "nopt": {
      "version": "2.1.2",
      "resolved": "https://registry.npmjs.org/nopt/-/nopt-2.1.2.tgz",
      "integrity": "sha1-bMzZd7gBMqB3MdbozljCyDA8+a8=",
      "requires": {
        "abbrev": "1"
      }
    },
    "nth-check": {
      "version": "1.0.2",
      "resolved": "https://registry.npmjs.org/nth-check/-/nth-check-1.0.2.tgz",
      "integrity": "sha512-WeBOdju8SnzPN5vTUJYxYUxLeXpCaVP5i5e0LF8fg7WORF2Wd7wFX/pk0tYZk7s8T+J7VLy0Da6J1+wCT0AtHg==",
      "requires": {
        "boolbase": "~1.0.0"
      }
    },
    "optimist": {
      "version": "0.3.7",
      "resolved": "https://registry.npmjs.org/optimist/-/optimist-0.3.7.tgz",
      "integrity": "sha1-yQlBrVnkJzMokjB00s8ufLxuwNk=",
      "requires": {
        "wordwrap": "~0.0.2"
      }
    },
    "parse5": {
      "version": "3.0.3",
      "resolved": "https://registry.npmjs.org/parse5/-/parse5-3.0.3.tgz",
      "integrity": "sha512-rgO9Zg5LLLkfJF9E6CCmXlSE4UVceloys8JrFqCcHloC3usd/kJCyPDwH2SOlzix2j3xaP9sUX3e8+kvkuleAA==",
      "requires": {
        "@types/node": "*"
      }
    },
    "picture-tuber": {
      "version": "1.0.2",
      "resolved": "https://registry.npmjs.org/picture-tuber/-/picture-tuber-1.0.2.tgz",
      "integrity": "sha512-49/xq+wzbwDeI32aPvwQJldM8pr7dKDRuR76IjztrkmiCkAQDaWFJzkmfVqCHmt/iFoPFhHmI9L0oKhthrTOQw==",
      "requires": {
        "buffers": "~0.1.1",
        "charm": "~0.1.0",
        "event-stream": "~0.9.8",
        "optimist": "~0.3.4",
        "png-js": "~0.1.0",
        "x256": "~0.0.1"
      }
    },
    "png-js": {
      "version": "0.1.1",
      "resolved": "https://registry.npmjs.org/png-js/-/png-js-0.1.1.tgz",
      "integrity": "sha1-HMfCEjA6yr50Jj7DrHgAlYAkLZM="
    },
    "queue-microtask": {
      "version": "1.1.4",
      "resolved": "https://registry.npmjs.org/queue-microtask/-/queue-microtask-1.1.4.tgz",
      "integrity": "sha512-eY/4Obve9cE5FK8YvC1cJsm5cr7XvAurul8UtBDJ2PR1p5NmAwHtvAt5ftcLtwYRCUKNhxCneZZlxmUDFoSeKA=="
    },
    "randombytes": {
      "version": "2.1.0",
      "resolved": "https://registry.npmjs.org/randombytes/-/randombytes-2.1.0.tgz",
      "integrity": "sha512-vYl3iOX+4CKUWuxGi9Ukhie6fsqXqS9FE2Zaic4tNFD2N2QQaXOMFbuKK4QmDHC0JO6B1Zp41J0LpT0oR68amQ==",
      "requires": {
        "safe-buffer": "^5.1.0"
      }
    },
    "readable-stream": {
      "version": "1.0.34",
      "resolved": "https://registry.npmjs.org/readable-stream/-/readable-stream-1.0.34.tgz",
      "integrity": "sha1-Elgg40vIQtLyqq+v5MKRbuMsFXw=",
      "requires": {
        "core-util-is": "~1.0.0",
        "inherits": "~2.0.1",
        "isarray": "0.0.1",
        "string_decoder": "~0.10.x"
      }
    },
    "record-cache": {
      "version": "1.1.0",
      "resolved": "https://registry.npmjs.org/record-cache/-/record-cache-1.1.0.tgz",
      "integrity": "sha512-u8rbtLEJV7HRacl/ZYwSBFD8NFyB3PfTTfGLP37IW3hftQCwu6z4Q2RLyxo1YJUNRTEzJfpLpGwVuEYdaIkG9Q=="
    },
    "redeyed": {
      "version": "2.1.1",
      "resolved": "https://registry.npmjs.org/redeyed/-/redeyed-2.1.1.tgz",
      "integrity": "sha1-iYS1gV2ZyyIEacme7v/jiRPmzAs=",
      "requires": {
        "esprima": "~4.0.0"
      }
    },
    "require-directory": {
      "version": "2.1.1",
      "resolved": "https://registry.npmjs.org/require-directory/-/require-directory-2.1.1.tgz",
      "integrity": "sha1-jGStX9MNqxyXbiNE/+f3kqam30I="
    },
    "run-series": {
      "version": "1.1.8",
      "resolved": "https://registry.npmjs.org/run-series/-/run-series-1.1.8.tgz",
      "integrity": "sha512-+GztYEPRpIsQoCSraWHDBs9WVy4eVME16zhOtDB4H9J4xN0XRhknnmLOl+4gRgZtu8dpp9N/utSPjKH/xmDzXg=="
    },
    "rusha": {
      "version": "0.8.13",
      "resolved": "https://registry.npmjs.org/rusha/-/rusha-0.8.13.tgz",
      "integrity": "sha1-mghOe4YLF7/zAVuSxnpqM2GRUTo="
    },
    "safe-buffer": {
      "version": "5.2.1",
      "resolved": "https://registry.npmjs.org/safe-buffer/-/safe-buffer-5.2.1.tgz",
      "integrity": "sha512-rp3So07KcdmmKbGvgaNxQSJr7bGVSVk5S9Eq1F+ppbRo70+YeaDxkw5Dd8NPN+GD6bjnYm2VuPuCXmpuYvmCXQ=="
    },
    "sax": {
      "version": "1.2.4",
      "resolved": "https://registry.npmjs.org/sax/-/sax-1.2.4.tgz",
      "integrity": "sha512-NqVDv9TpANUjFm0N8uM5GxL36UgKi9/atZw+x7YFnQ8ckwFGKrl4xX4yWtrey3UJm5nP1kUbnYgLopqWNSRhWw=="
    },
    "simple-sha1": {
      "version": "3.0.1",
      "resolved": "https://registry.npmjs.org/simple-sha1/-/simple-sha1-3.0.1.tgz",
      "integrity": "sha512-q7ehqWfHc1VhOm7sW099YDZ4I0yYX7rqyhqqhHV1IYeUTjPOhHyD3mXvv8k2P+rO7+7c8R4/D+8ffzC9BE7Cqg==",
      "requires": {
        "queue-microtask": "^1.1.2",
        "rusha": "^0.8.1"
      }
    },
    "sparkline": {
      "version": "0.1.2",
      "resolved": "https://registry.npmjs.org/sparkline/-/sparkline-0.1.2.tgz",
      "integrity": "sha1-w73kYlKxNU5xDEsgDVSBa9nwejI=",
      "requires": {
        "here": "0.0.2",
        "nopt": "~2.1.2"
      }
    },
    "sprintf-js": {
      "version": "1.1.2",
      "resolved": "https://registry.npmjs.org/sprintf-js/-/sprintf-js-1.1.2.tgz",
      "integrity": "sha512-VE0SOVEHCk7Qc8ulkWw3ntAzXuqf7S2lvwQaDLRnUeIEaKNQJzV6BwmLKhOqT61aGhfUMrXeaBk+oDGCzvhcug=="
    },
    "string-width": {
      "version": "4.2.0",
      "resolved": "https://registry.npmjs.org/string-width/-/string-width-4.2.0.tgz",
      "integrity": "sha512-zUz5JD+tgqtuDjMhwIg5uFVV3dtqZ9yQJlZVfq4I01/K5Paj5UHj7VyrQOJvzawSVlKpObApbfD0Ed6yJc+1eg==",
      "requires": {
        "emoji-regex": "^8.0.0",
        "is-fullwidth-code-point": "^3.0.0",
        "strip-ansi": "^6.0.0"
      },
      "dependencies": {
        "ansi-regex": {
          "version": "5.0.0",
          "resolved": "https://registry.npmjs.org/ansi-regex/-/ansi-regex-5.0.0.tgz",
          "integrity": "sha512-bY6fj56OUQ0hU1KjFNDQuJFezqKdrAyFdIevADiqrWHwSlbmBNMHp5ak2f40Pm8JTFyM2mqxkG6ngkHO11f/lg=="
        },
        "strip-ansi": {
          "version": "6.0.0",
          "resolved": "https://registry.npmjs.org/strip-ansi/-/strip-ansi-6.0.0.tgz",
          "integrity": "sha512-AuvKTrTfQNYNIctbR1K/YGTR1756GycPsg7b9bdV9Duqur4gv6aKqHXah67Z8ImS7WEz5QVcOtlfW2rZEugt6w==",
          "requires": {
            "ansi-regex": "^5.0.0"
          }
        }
      }
    },
    "string_decoder": {
      "version": "0.10.31",
      "resolved": "https://registry.npmjs.org/string_decoder/-/string_decoder-0.10.31.tgz",
      "integrity": "sha1-YuIDvEF2bGwoyfyEMB2rHFMQ+pQ="
    },
    "strip-ansi": {
      "version": "3.0.1",
      "resolved": "https://registry.npmjs.org/strip-ansi/-/strip-ansi-3.0.1.tgz",
      "integrity": "sha1-ajhfuIU9lS1f8F0Oiq+UJ43GPc8=",
      "requires": {
        "ansi-regex": "^2.0.0"
      }
    },
    "supports-color": {
      "version": "2.0.0",
      "resolved": "https://registry.npmjs.org/supports-color/-/supports-color-2.0.0.tgz",
      "integrity": "sha1-U10EXOa2Nj+kARcIRimZXp3zJMc="
    },
    "supports-hyperlinks": {
      "version": "2.1.0",
      "resolved": "https://registry.npmjs.org/supports-hyperlinks/-/supports-hyperlinks-2.1.0.tgz",
      "integrity": "sha512-zoE5/e+dnEijk6ASB6/qrK+oYdm2do1hjoLWrqUC/8WEIW1gbxFcKuBof7sW8ArN6e+AYvsE8HBGiVRWL/F5CA==",
      "requires": {
        "has-flag": "^4.0.0",
        "supports-color": "^7.0.0"
      },
      "dependencies": {
        "supports-color": {
          "version": "7.2.0",
          "resolved": "https://registry.npmjs.org/supports-color/-/supports-color-7.2.0.tgz",
          "integrity": "sha512-qpCAvRl9stuOHveKsn7HncJRvv501qIacKzQlO/+Lwxc9+0q2wLyv4Dfvt80/DPn2pqOBsJdDiogXGR9+OvwRw==",
          "requires": {
            "has-flag": "^4.0.0"
          }
        }
      }
    },
    "term-canvas": {
      "version": "0.0.5",
      "resolved": "https://registry.npmjs.org/term-canvas/-/term-canvas-0.0.5.tgz",
      "integrity": "sha1-WXr6wvpjaabxeGC86cX2bW6gypY="
    },
    "thirty-two": {
      "version": "1.0.2",
      "resolved": "https://registry.npmjs.org/thirty-two/-/thirty-two-1.0.2.tgz",
      "integrity": "sha1-TKL//AKlEpDSdEueP1V2k8prYno="
    },
    "type-fest": {
      "version": "0.11.0",
      "resolved": "https://registry.npmjs.org/type-fest/-/type-fest-0.11.0.tgz",
      "integrity": "sha512-OdjXJxnCN1AvyLSzeKIgXTXxV+99ZuXl3Hpo9XpJAv9MBcHrrJOQ5kV7ypXOuQie+AmWG25hLbiKdwYTifzcfQ=="
    },
    "util-deprecate": {
      "version": "1.0.2",
      "resolved": "https://registry.npmjs.org/util-deprecate/-/util-deprecate-1.0.2.tgz",
      "integrity": "sha1-RQ1Nyfpw3nMnYvvS1KKJgUGaDM8="
    },
    "wordwrap": {
      "version": "0.0.3",
      "resolved": "https://registry.npmjs.org/wordwrap/-/wordwrap-0.0.3.tgz",
      "integrity": "sha1-o9XabNXAvAAI03I0u68b7WMFkQc="
    },
    "wrap-ansi": {
      "version": "7.0.0",
      "resolved": "https://registry.npmjs.org/wrap-ansi/-/wrap-ansi-7.0.0.tgz",
      "integrity": "sha512-YVGIj2kamLSTxw6NsZjoBxfSwsn0ycdesmc4p+Q21c5zPuZ1pl+NfxVdxPtdHvmNVOQ6XSYG4AUtyt/Fi7D16Q==",
      "requires": {
        "ansi-styles": "^4.0.0",
        "string-width": "^4.1.0",
        "strip-ansi": "^6.0.0"
      },
      "dependencies": {
        "ansi-regex": {
          "version": "5.0.0",
          "resolved": "https://registry.npmjs.org/ansi-regex/-/ansi-regex-5.0.0.tgz",
          "integrity": "sha512-bY6fj56OUQ0hU1KjFNDQuJFezqKdrAyFdIevADiqrWHwSlbmBNMHp5ak2f40Pm8JTFyM2mqxkG6ngkHO11f/lg=="
        },
        "ansi-styles": {
          "version": "4.2.1",
          "resolved": "https://registry.npmjs.org/ansi-styles/-/ansi-styles-4.2.1.tgz",
          "integrity": "sha512-9VGjrMsG1vePxcSweQsN20KY/c4zN0h9fLjqAbwbPfahM3t+NL+M9HC8xeXG2I8pX5NoamTGNuomEUFI7fcUjA==",
          "requires": {
            "@types/color-name": "^1.1.1",
            "color-convert": "^2.0.1"
          }
        },
        "strip-ansi": {
          "version": "6.0.0",
          "resolved": "https://registry.npmjs.org/strip-ansi/-/strip-ansi-6.0.0.tgz",
          "integrity": "sha512-AuvKTrTfQNYNIctbR1K/YGTR1756GycPsg7b9bdV9Duqur4gv6aKqHXah67Z8ImS7WEz5QVcOtlfW2rZEugt6w==",
          "requires": {
            "ansi-regex": "^5.0.0"
          }
        }
      }
    },
    "x256": {
      "version": "0.0.2",
      "resolved": "https://registry.npmjs.org/x256/-/x256-0.0.2.tgz",
      "integrity": "sha1-ya8Yh296F1gB1WT+cK2egxd4STQ="
    },
    "xml2js": {
      "version": "0.4.23",
      "resolved": "https://registry.npmjs.org/xml2js/-/xml2js-0.4.23.tgz",
      "integrity": "sha512-ySPiMjM0+pLDftHgXY4By0uswI3SPKLDw/i3UXbnO8M/p28zqexCUoPmQFrYD+/1BzhGJSs2i1ERWKJAtiLrug==",
      "requires": {
        "sax": ">=0.6.0",
        "xmlbuilder": "~11.0.0"
      }
    },
    "xmlbuilder": {
      "version": "11.0.1",
      "resolved": "https://registry.npmjs.org/xmlbuilder/-/xmlbuilder-11.0.1.tgz",
      "integrity": "sha512-fDlsI/kFEx7gLvbecc0/ohLG50fugQp8ryHzMTuW9vSa1GJ0XYWKnhsUx7oie3G98+r56aTQIUB4kht42R3JvA=="
    },
    "y18n": {
      "version": "5.0.1",
      "resolved": "https://registry.npmjs.org/y18n/-/y18n-5.0.1.tgz",
      "integrity": "sha512-/jJ831jEs4vGDbYPQp4yGKDYPSCCEQ45uZWJHE1AoYBzqdZi8+LDWas0z4HrmJXmKdpFsTiowSHXdxyFhpmdMg=="
    },
    "yargs": {
      "version": "16.0.3",
      "resolved": "https://registry.npmjs.org/yargs/-/yargs-16.0.3.tgz",
      "integrity": "sha512-6+nLw8xa9uK1BOEOykaiYAJVh6/CjxWXK/q9b5FpRgNslt8s22F2xMBqVIKgCRjNgGvGPBy8Vog7WN7yh4amtA==",
      "requires": {
        "cliui": "^7.0.0",
        "escalade": "^3.0.2",
        "get-caller-file": "^2.0.5",
        "require-directory": "^2.1.1",
        "string-width": "^4.2.0",
        "y18n": "^5.0.1",
        "yargs-parser": "^20.0.0"
      }
    },
    "yargs-parser": {
      "version": "20.0.0",
      "resolved": "https://registry.npmjs.org/yargs-parser/-/yargs-parser-20.0.0.tgz",
      "integrity": "sha512-8eblPHTL7ZWRkyjIZJjnGf+TijiKJSwA24svzLRVvtgoi/RZiKa9fFQTrlx0OKLnyHSdt/enrdadji6WFfESVA=="
    }
  }
}
